
Microsoft Visual Studio Solution File, Format Version 12.00
# Visual Studio Version 17
VisualStudioVersion = 17.7.34031.279
MinimumVisualStudioVersion = 10.0.40219.1
Project("{FAE04EC0-301F-11D3-BF4B-00C04F79EFBC}") = "AHomeworkColorsDemo", "AHomeworkColorsDemo\AHomeworkColorsDemo.csproj", "{238BFA04-D8AE-47C4-ACA7-9737F007DB2C}"
EndProject
Project("{FAE04EC0-301F-11D3-BF4B-00C04F79EFBC}") = "BCancellingThreadsNaive", "BCancellingThreadsNaive\BCancellingThreadsNaive.csproj", "{CC543408-FAFB-487B-A3E3-540052B4F1F9}"
EndProject
Project("{FAE04EC0-301F-11D3-BF4B-00C04F79EFBC}") = "CCancellationDemo", "CCancellationDemo\CCancellationDemo.csproj", "{4063C8F8-F8A1-4547-B214-DC46A6AE897E}"
EndProject
Project("{FAE04EC0-301F-11D3-BF4B-00C04F79EFBC}") = "DIntroDelegates", "DIntroDelegates\DIntroDelegates.csproj", "{14ABB93D-89A1-4A28-ADA1-FAA12634CAC4}"
EndProject
Project("{FAE04EC0-301F-11D3-BF4B-00C04F79EFBC}") = "ERaceConditionDemo", "ERaceConditionDemo\ERaceConditionDemo.csproj", "{5318D992-E8E8-4870-B3B4-8478BCF7DF58}"
EndProject
Global
	GlobalSection(SolutionConfigurationPlatforms) = preSolution
		Debug|Any CPU = Debug|Any CPU
		Release|Any CPU = Release|Any CPU
	EndGlobalSection
	GlobalSection(ProjectConfigurationPlatforms) = postSolution
		{238BFA04-D8AE-47C4-ACA7-9737F007DB2C}.Debug|Any CPU.ActiveCfg = Debug|Any CPU
		{238BFA04-D8AE-47C4-ACA7-9737F007DB2C}.Debug|Any CPU.Build.0 = Debug|Any CPU
		{238BFA04-D8AE-47C4-ACA7-9737F007DB2C}.Release|Any CPU.ActiveCfg = Release|Any CPU
		{238BFA04-D8AE-47C4-ACA7-9737F007DB2C}.Release|Any CPU.Build.0 = Release|Any CPU
		{CC543408-FAFB-487B-A3E3-540052B4F1F9}.Debug|Any CPU.ActiveCfg = Debug|Any CPU
		{CC543408-FAFB-487B-A3E3-540052B4F1F9}.Debug|Any CPU.Build.0 = Debug|Any CPU
		{CC543408-FAFB-487B-A3E3-540052B4F1F9}.Release|Any CPU.ActiveCfg = Release|Any CPU
		{CC543408-FAFB-487B-A3E3-540052B4F1F9}.Release|Any CPU.Build.0 = Release|Any CPU
		{4063C8F8-F8A1-4547-B214-DC46A6AE897E}.Debug|Any CPU.ActiveCfg = Debug|Any CPU
		{4063C8F8-F8A1-4547-B214-DC46A6AE897E}.Debug|Any CPU.Build.0 = Debug|Any CPU
		{4063C8F8-F8A1-4547-B214-DC46A6AE897E}.Release|Any CPU.ActiveCfg = Release|Any CPU
		{4063C8F8-F8A1-4547-B214-DC46A6AE897E}.Release|Any CPU.Build.0 = Release|Any CPU
		{14ABB93D-89A1-4A28-ADA1-FAA12634CAC4}.Debug|Any CPU.ActiveCfg = Debug|Any CPU
		{14ABB93D-89A1-4A28-ADA1-FAA12634CAC4}.Debug|Any CPU.Build.0 = Debug|Any CPU
		{14ABB93D-89A1-4A28-ADA1-FAA12634CAC4}.Release|Any CPU.ActiveCfg = Release|Any CPU
		{14ABB93D-89A1-4A28-ADA1-FAA12634CAC4}.Release|Any CPU.Build.0 = Release|Any CPU
		{5318D992-E8E8-4870-B3B4-8478BCF7DF58}.Debug|Any CPU.ActiveCfg = Debug|Any CPU
		{5318D992-E8E8-4870-B3B4-8478BCF7DF58}.Debug|Any CPU.Build.0 = Debug|Any CPU
		{5318D992-E8E8-4870-B3B4-8478BCF7DF58}.Release|Any CPU.ActiveCfg = Release|Any CPU
		{5318D992-E8E8-4870-B3B4-8478BCF7DF58}.Release|Any CPU.Build.0 = Release|Any CPU
	EndGlobalSection
	GlobalSection(SolutionProperties) = preSolution
		HideSolutionNode = FALSE
	EndGlobalSection
	GlobalSection(ExtensibilityGlobals) = postSolution
		SolutionGuid = {E42D84EB-D710-4A33-9F43-BA9E954E2B82}
	EndGlobalSection
EndGlobal
